<?xml version="1.0" encoding="utf-8"?>
<Project ToolsVersion="4.0" xmlns="http://schemas.microsoft.com/developer/msbuild/2003">
  <ItemGroup>
    <Filter Include="Source Files">
      <UniqueIdentifier>{4FC737F1-C7A5-4376-A066-2A32D752A2FF}</UniqueIdentifier>
      <Extensions>cpp;c;cc;cxx;def;odl;idl;hpj;bat;asm;asmx</Extensions>
    </Filter>
    <Filter Include="Header Files">
      <UniqueIdentifier>{93995380-89BD-4b04-88EB-625FBE52EBFB}</UniqueIdentifier>
      <Extensions>h;hpp;hxx;hm;inl;inc;xsd</Extensions>
    </Filter>
    <Filter Include="Resource Files">
      <UniqueIdentifier>{67DA6AB6-F800-4c08-8B7A-83BB121AAD01}</UniqueIdentifier>
      <Extensions>rc;ico;cur;bmp;dlg;rc2;rct;bin;rgs;gif;jpg;jpeg;jpe;resx;tiff;tif;png;wav;mfcribbon-ms</Extensions>
    </Filter>
    <Filter Include="grammar">
      <UniqueIdentifier>{2a5622ec-856d-464d-b5ac-9f41daf93f48}</UniqueIdentifier>
    </Filter>
    <Filter Include="examples">
      <UniqueIdentifier>{5a6ab034-c092-45db-9f35-a52df2a91a38}</UniqueIdentifier>
    </Filter>
  </ItemGroup>
  <ItemGroup>
    <ClCompile Include="src\ast.cpp">
      <Filter>Source Files</Filter>
    </ClCompile>
    <ClCompile Include="src\identifier.cpp">
      <Filter>Source Files</Filter>
    </ClCompile>
    <ClCompile Include="src\ir.cpp">
      <Filter>Source Files</Filter>
    </ClCompile>
    <ClCompile Include="src\main.cpp">
      <Filter>Source Files</Filter>
    </ClCompile>
    <ClCompile Include="src\semantic.cpp">
      <Filter>Source Files</Filter>
    </ClCompile>
    <ClCompile Include="src\symbol.cpp">
      <Filter>Source Files</Filter>
    </ClCompile>
    <ClCompile Include="src\symboltable.cpp">
      <Filter>Source Files</Filter>
    </ClCompile>
    <ClCompile Include="src\tablegenerator.cpp">
      <Filter>Source Files</Filter>
    </ClCompile>
    <ClCompile Include="src\temp.cpp">
      <Filter>Source Files</Filter>
    </ClCompile>
    <ClCompile Include="src\translate.cpp">
      <Filter>Source Files</Filter>
    </ClCompile>
    <ClCompile Include="src\typechecker.cpp">
      <Filter>Source Files</Filter>
    </ClCompile>
    <ClCompile Include="src\parser.cpp">
      <Filter>Source Files</Filter>
    </ClCompile>
    <ClCompile Include="src\lexer.cpp">
      <Filter>Source Files</Filter>
    </ClCompile>
  </ItemGroup>
  <ItemGroup>
    <CustomBuild Include="grammar\grammar.yy">
      <Filter>grammar</Filter>
    </CustomBuild>
    <CustomBuild Include="grammar\lex.ll">
      <Filter>grammar</Filter>
    </CustomBuild>
  </ItemGroup>
  <ItemGroup>
    <ClInclude Include="include\ast.h">
      <Filter>Header Files</Filter>
    </ClInclude>
    <ClInclude Include="include\identifier.h">
      <Filter>Header Files</Filter>
    </ClInclude>
    <ClInclude Include="include\ir.h">
      <Filter>Header Files</Filter>
    </ClInclude>
    <ClInclude Include="include\semantic.h">
      <Filter>Header Files</Filter>
    </ClInclude>
    <ClInclude Include="include\symbol.h">
      <Filter>Header Files</Filter>
    </ClInclude>
    <ClInclude Include="include\symboltable.h">
      <Filter>Header Files</Filter>
    </ClInclude>
    <ClInclude Include="include\tablegenerator.h">
      <Filter>Header Files</Filter>
    </ClInclude>
    <ClInclude Include="include\temp.h">
      <Filter>Header Files</Filter>
    </ClInclude>
    <ClInclude Include="include\translate.h">
      <Filter>Header Files</Filter>
    </ClInclude>
    <ClInclude Include="include\typechecker.h">
      <Filter>Header Files</Filter>
    </ClInclude>
    <ClInclude Include="include\visitor.h">
      <Filter>Header Files</Filter>
    </ClInclude>
    <ClInclude Include="include\parser.h">
      <Filter>Header Files</Filter>
    </ClInclude>
  </ItemGroup>
  <ItemGroup>
    <None Include="examples\test_class.java">
      <Filter>examples</Filter>
    </None>
    <None Include="examples\test_file.java">
      <Filter>examples</Filter>
    </None>
    <None Include="examples\test_function.java">
      <Filter>examples</Filter>
    </None>
  </ItemGroup>
</Project>